
Microsoft Visual Studio Solution File, Format Version 10.00
# Visual Studio 2008
Project("{FAE04EC0-301F-11D3-BF4B-00C04F79EFBC}") = "20201014 - Imprime Caracteres ASCII", "20201014 - Imprime Caracteres ASCII\20201014 - Imprime Caracteres ASCII.csproj", "{4C726758-3380-488F-AC5F-21B303863497}"
EndProject
Global
	GlobalSection(SolutionConfigurationPlatforms) = preSolution
		Debug|Any CPU = Debug|Any CPU
		Release|Any CPU = Release|Any CPU
	EndGlobalSection
	GlobalSection(ProjectConfigurationPlatforms) = postSolution
		{4C726758-3380-488F-AC5F-21B303863497}.Debug|Any CPU.ActiveCfg = Debug|Any CPU
		{4C726758-3380-488F-AC5F-21B303863497}.Debug|Any CPU.Build.0 = Debug|Any CPU
		{4C726758-3380-488F-AC5F-21B303863497}.Release|Any CPU.ActiveCfg = Release|Any CPU
		{4C726758-3380-488F-AC5F-21B303863497}.Release|Any CPU.Build.0 = Release|Any CPU
	EndGlobalSection
	GlobalSection(SolutionProperties) = preSolution
		HideSolutionNode = FALSE
	EndGlobalSection
EndGlobal
