
Microsoft Visual Studio Solution File, Format Version 10.00
# Visual Studio 2008
Project("{FAE04EC0-301F-11D3-BF4B-00C04F79EFBC}") = "20201013 - Media Idades", "20201013 - Media Idades\20201013 - Media Idades.csproj", "{672BB0EC-6A5C-4DE3-89D5-971402E95AE7}"
EndProject
Global
	GlobalSection(SolutionConfigurationPlatforms) = preSolution
		Debug|Any CPU = Debug|Any CPU
		Release|Any CPU = Release|Any CPU
	EndGlobalSection
	GlobalSection(ProjectConfigurationPlatforms) = postSolution
		{672BB0EC-6A5C-4DE3-89D5-971402E95AE7}.Debug|Any CPU.ActiveCfg = Debug|Any CPU
		{672BB0EC-6A5C-4DE3-89D5-971402E95AE7}.Debug|Any CPU.Build.0 = Debug|Any CPU
		{672BB0EC-6A5C-4DE3-89D5-971402E95AE7}.Release|Any CPU.ActiveCfg = Release|Any CPU
		{672BB0EC-6A5C-4DE3-89D5-971402E95AE7}.Release|Any CPU.Build.0 = Release|Any CPU
	EndGlobalSection
	GlobalSection(SolutionProperties) = preSolution
		HideSolutionNode = FALSE
	EndGlobalSection
EndGlobal
