
Microsoft Visual Studio Solution File, Format Version 10.00
# Visual Studio 2008
Project("{FAE04EC0-301F-11D3-BF4B-00C04F79EFBC}") = "20201208 - Inheritance pg.244", "20201208 - Inheritance pg.244\20201208 - Inheritance pg.244.csproj", "{BA1FC8F1-872E-40F9-BF4D-AB3E12DE4DEB}"
EndProject
Global
	GlobalSection(SolutionConfigurationPlatforms) = preSolution
		Debug|Any CPU = Debug|Any CPU
		Release|Any CPU = Release|Any CPU
	EndGlobalSection
	GlobalSection(ProjectConfigurationPlatforms) = postSolution
		{BA1FC8F1-872E-40F9-BF4D-AB3E12DE4DEB}.Debug|Any CPU.ActiveCfg = Debug|Any CPU
		{BA1FC8F1-872E-40F9-BF4D-AB3E12DE4DEB}.Debug|Any CPU.Build.0 = Debug|Any CPU
		{BA1FC8F1-872E-40F9-BF4D-AB3E12DE4DEB}.Release|Any CPU.ActiveCfg = Release|Any CPU
		{BA1FC8F1-872E-40F9-BF4D-AB3E12DE4DEB}.Release|Any CPU.Build.0 = Release|Any CPU
	EndGlobalSection
	GlobalSection(SolutionProperties) = preSolution
		HideSolutionNode = FALSE
	EndGlobalSection
EndGlobal
