
Microsoft Visual Studio Solution File, Format Version 10.00
# Visual Studio 2008
Project("{FAE04EC0-301F-11D3-BF4B-00C04F79EFBC}") = "20201013 - Salario e Reajuste", "20201013 - Salario e Reajuste\20201013 - Salario e Reajuste.csproj", "{EE79A3AB-4EDE-465D-A5C9-C30D73CD852A}"
EndProject
Global
	GlobalSection(SolutionConfigurationPlatforms) = preSolution
		Debug|Any CPU = Debug|Any CPU
		Release|Any CPU = Release|Any CPU
	EndGlobalSection
	GlobalSection(ProjectConfigurationPlatforms) = postSolution
		{EE79A3AB-4EDE-465D-A5C9-C30D73CD852A}.Debug|Any CPU.ActiveCfg = Debug|Any CPU
		{EE79A3AB-4EDE-465D-A5C9-C30D73CD852A}.Debug|Any CPU.Build.0 = Debug|Any CPU
		{EE79A3AB-4EDE-465D-A5C9-C30D73CD852A}.Release|Any CPU.ActiveCfg = Release|Any CPU
		{EE79A3AB-4EDE-465D-A5C9-C30D73CD852A}.Release|Any CPU.Build.0 = Release|Any CPU
	EndGlobalSection
	GlobalSection(SolutionProperties) = preSolution
		HideSolutionNode = FALSE
	EndGlobalSection
EndGlobal
